
Microsoft Visual Studio Solution File, Format Version 12.00
# Visual Studio 15
VisualStudioVersion = 15.0.26730.12
MinimumVisualStudioVersion = 10.0.40219.1
Project("{FAE04EC0-301F-11D3-BF4B-00C04F79EFBC}") = "JenkinsTest", "JenkinsTest\JenkinsTest.csproj", "{43CA2C6E-5E06-4DFF-8EC9-78410A2E6384}"
EndProject
Global
	GlobalSection(SolutionConfigurationPlatforms) = preSolution
		Debug|Any CPU = Debug|Any CPU
		Release|Any CPU = Release|Any CPU
	EndGlobalSection
	GlobalSection(ProjectConfigurationPlatforms) = postSolution
		{43CA2C6E-5E06-4DFF-8EC9-78410A2E6384}.Debug|Any CPU.ActiveCfg = Debug|Any CPU
		{43CA2C6E-5E06-4DFF-8EC9-78410A2E6384}.Debug|Any CPU.Build.0 = Debug|Any CPU
		{43CA2C6E-5E06-4DFF-8EC9-78410A2E6384}.Release|Any CPU.ActiveCfg = Release|Any CPU
		{43CA2C6E-5E06-4DFF-8EC9-78410A2E6384}.Release|Any CPU.Build.0 = Release|Any CPU
	EndGlobalSection
	GlobalSection(SolutionProperties) = preSolution
		HideSolutionNode = FALSE
	EndGlobalSection
	GlobalSection(ExtensibilityGlobals) = postSolution
		SolutionGuid = {565B742F-92C8-4561-8FA6-361252E90511}
	EndGlobalSection
EndGlobal
